// !$*UTF8*$!
{
	archiveVersion = 1;
	classes = {
	};
	objectVersion = 46;
	objects = {

/* Begin PBXBuildFile section */
		AE1B0BF01735075D009BD2AD /* TimeTableViewController.m in Sources */ = {isa = PBXBuildFile; fileRef = AE1B0BEF1735075D009BD2AD /* TimeTableViewController.m */; };
		AE1B0BF41735133A009BD2AD /* timetable.db3 in Resources */ = {isa = PBXBuildFile; fileRef = AE1B0BF31735133A009BD2AD /* timetable.db3 */; };
		AE265915172C3A51001381DB /* FMDatabase.m in Sources */ = {isa = PBXBuildFile; fileRef = AE26590C172C3A51001381DB /* FMDatabase.m */; };
		AE265916172C3A51001381DB /* FMDatabaseAdditions.m in Sources */ = {isa = PBXBuildFile; fileRef = AE26590E172C3A51001381DB /* FMDatabaseAdditions.m */; };
		AE265917172C3A51001381DB /* FMDatabasePool.m in Sources */ = {isa = PBXBuildFile; fileRef = AE265910172C3A51001381DB /* FMDatabasePool.m */; };
		AE265918172C3A51001381DB /* FMDatabaseQueue.m in Sources */ = {isa = PBXBuildFile; fileRef = AE265912172C3A51001381DB /* FMDatabaseQueue.m */; };
		AE265919172C3A51001381DB /* FMResultSet.m in Sources */ = {isa = PBXBuildFile; fileRef = AE265914172C3A51001381DB /* FMResultSet.m */; };
		AE76F99D172C36C0000DA0A1 /* UIKit.framework in Frameworks */ = {isa = PBXBuildFile; fileRef = AE76F99C172C36C0000DA0A1 /* UIKit.framework */; };
		AE76F99F172C36C0000DA0A1 /* Foundation.framework in Frameworks */ = {isa = PBXBuildFile; fileRef = AE76F99E172C36C0000DA0A1 /* Foundation.framework */; };
		AE76F9A1172C36C0000DA0A1 /* CoreGraphics.framework in Frameworks */ = {isa = PBXBuildFile; fileRef = AE76F9A0172C36C0000DA0A1 /* CoreGraphics.framework */; };
		AE76F9A7172C36C0000DA0A1 /* InfoPlist.strings in Resources */ = {isa = PBXBuildFile; fileRef = AE76F9A5172C36C0000DA0A1 /* InfoPlist.strings */; };
		AE76F9A9172C36C0000DA0A1 /* main.m in Sources */ = {isa = PBXBuildFile; fileRef = AE76F9A8172C36C0000DA0A1 /* main.m */; };
		AE76F9AD172C36C0000DA0A1 /* TimeTableAppDelegate.m in Sources */ = {isa = PBXBuildFile; fileRef = AE76F9AC172C36C0000DA0A1 /* TimeTableAppDelegate.m */; };
		AE76F9AF172C36C0000DA0A1 /* Default.png in Resources */ = {isa = PBXBuildFile; fileRef = AE76F9AE172C36C0000DA0A1 /* Default.png */; };
		AE76F9B1172C36C0000DA0A1 /* Default@2x.png in Resources */ = {isa = PBXBuildFile; fileRef = AE76F9B0172C36C0000DA0A1 /* Default@2x.png */; };
		AE76F9B3172C36C0000DA0A1 /* Default-568h@2x.png in Resources */ = {isa = PBXBuildFile; fileRef = AE76F9B2172C36C0000DA0A1 /* Default-568h@2x.png */; };
		AE76F9B6172C36C0000DA0A1 /* MainStoryboard.storyboard in Resources */ = {isa = PBXBuildFile; fileRef = AE76F9B4172C36C0000DA0A1 /* MainStoryboard.storyboard */; };
		AE76F9C0172C3766000DA0A1 /* libsqlite3.dylib in Frameworks */ = {isa = PBXBuildFile; fileRef = AE76F9BF172C3766000DA0A1 /* libsqlite3.dylib */; };
		AE995B5D1732BD98004C5B9B /* TimeTableSubjectDetailViewController.m in Sources */ = {isa = PBXBuildFile; fileRef = AE995B5C1732BD98004C5B9B /* TimeTableSubjectDetailViewController.m */; };
		AE995B601732BEEC004C5B9B /* TimeTableSubjectListViewController.m in Sources */ = {isa = PBXBuildFile; fileRef = AE995B5F1732BEEC004C5B9B /* TimeTableSubjectListViewController.m */; };
		AE995B631732C0BB004C5B9B /* ListViewModel.m in Sources */ = {isa = PBXBuildFile; fileRef = AE995B621732C0BB004C5B9B /* ListViewModel.m */; };
		AEAB51C3172EBE9400BC6A84 /* Course.m in Sources */ = {isa = PBXBuildFile; fileRef = AEAB51C2172EBE9400BC6A84 /* Course.m */; };
		AEAB51CB172EC95B00BC6A84 /* Professor.m in Sources */ = {isa = PBXBuildFile; fileRef = AEAB51CA172EC95B00BC6A84 /* Professor.m */; };
		AEB817D4173BDEF9009D2EC1 /* TimeTableModelView.m in Sources */ = {isa = PBXBuildFile; fileRef = AEB817D3173BDEF9009D2EC1 /* TimeTableModelView.m */; };
		AEB817D7173BE228009D2EC1 /* TimeTableModelViewController.m in Sources */ = {isa = PBXBuildFile; fileRef = AEB817D6173BE228009D2EC1 /* TimeTableModelViewController.m */; };
		AEE7E008172D6D6800B421C6 /* TimeTableSqliteDB.m in Sources */ = {isa = PBXBuildFile; fileRef = AEE7E007172D6D6800B421C6 /* TimeTableSqliteDB.m */; };
		AEE7E00C172D75CE00B421C6 /* TimeTableNotificationUtil.m in Sources */ = {isa = PBXBuildFile; fileRef = AEE7E00B172D75CE00B421C6 /* TimeTableNotificationUtil.m */; };
		AEE7E010172D773E00B421C6 /* TimeTableListViewController.m in Sources */ = {isa = PBXBuildFile; fileRef = AEE7E00F172D773E00B421C6 /* TimeTableListViewController.m */; };
		AEEC8F34172ED36E004EE343 /* Subject.m in Sources */ = {isa = PBXBuildFile; fileRef = AEEC8F33172ED36E004EE343 /* Subject.m */; };
		AEEC8F37172ED79F004EE343 /* SubjectTimeMap.m in Sources */ = {isa = PBXBuildFile; fileRef = AEEC8F36172ED79F004EE343 /* SubjectTimeMap.m */; };
		AEEC8F3A172EEB29004EE343 /* TimeTableModel.m in Sources */ = {isa = PBXBuildFile; fileRef = AEEC8F39172EEB29004EE343 /* TimeTableModel.m */; };
/* End PBXBuildFile section */

/* Begin PBXFileReference section */
		AE1B0BEE1735075D009BD2AD /* TimeTableViewController.h */ = {isa = PBXFileReference; fileEncoding = 4; lastKnownFileType = sourcecode.c.h; path = TimeTableViewController.h; sourceTree = "<group>"; };
		AE1B0BEF1735075D009BD2AD /* TimeTableViewController.m */ = {isa = PBXFileReference; fileEncoding = 4; lastKnownFileType = sourcecode.c.objc; path = TimeTableViewController.m; sourceTree = "<group>"; };
		AE1B0BF31735133A009BD2AD /* timetable.db3 */ = {isa = PBXFileReference; lastKnownFileType = file; path = timetable.db3; sourceTree = "<group>"; };
		AE26590B172C3A51001381DB /* FMDatabase.h */ = {isa = PBXFileReference; fileEncoding = 4; lastKnownFileType = sourcecode.c.h; name = FMDatabase.h; path = FMDatabase/FMDatabase.h; sourceTree = "<group>"; };
		AE26590C172C3A51001381DB /* FMDatabase.m */ = {isa = PBXFileReference; fileEncoding = 4; lastKnownFileType = sourcecode.c.objc; name = FMDatabase.m; path = FMDatabase/FMDatabase.m; sourceTree = "<group>"; };
		AE26590D172C3A51001381DB /* FMDatabaseAdditions.h */ = {isa = PBXFileReference; fileEncoding = 4; lastKnownFileType = sourcecode.c.h; name = FMDatabaseAdditions.h; path = FMDatabase/FMDatabaseAdditions.h; sourceTree = "<group>"; };
		AE26590E172C3A51001381DB /* FMDatabaseAdditions.m */ = {isa = PBXFileReference; fileEncoding = 4; lastKnownFileType = sourcecode.c.objc; name = FMDatabaseAdditions.m; path = FMDatabase/FMDatabaseAdditions.m; sourceTree = "<group>"; };
		AE26590F172C3A51001381DB /* FMDatabasePool.h */ = {isa = PBXFileReference; fileEncoding = 4; lastKnownFileType = sourcecode.c.h; name = FMDatabasePool.h; path = FMDatabase/FMDatabasePool.h; sourceTree = "<group>"; };
		AE265910172C3A51001381DB /* FMDatabasePool.m */ = {isa = PBXFileReference; fileEncoding = 4; lastKnownFileType = sourcecode.c.objc; name = FMDatabasePool.m; path = FMDatabase/FMDatabasePool.m; sourceTree = "<group>"; };
		AE265911172C3A51001381DB /* FMDatabaseQueue.h */ = {isa = PBXFileReference; fileEncoding = 4; lastKnownFileType = sourcecode.c.h; name = FMDatabaseQueue.h; path = FMDatabase/FMDatabaseQueue.h; sourceTree = "<group>"; };
		AE265912172C3A51001381DB /* FMDatabaseQueue.m */ = {isa = PBXFileReference; fileEncoding = 4; lastKnownFileType = sourcecode.c.objc; name = FMDatabaseQueue.m; path = FMDatabase/FMDatabaseQueue.m; sourceTree = "<group>"; };
		AE265913172C3A51001381DB /* FMResultSet.h */ = {isa = PBXFileReference; fileEncoding = 4; lastKnownFileType = sourcecode.c.h; name = FMResultSet.h; path = FMDatabase/FMResultSet.h; sourceTree = "<group>"; };
		AE265914172C3A51001381DB /* FMResultSet.m */ = {isa = PBXFileReference; fileEncoding = 4; lastKnownFileType = sourcecode.c.objc; name = FMResultSet.m; path = FMDatabase/FMResultSet.m; sourceTree = "<group>"; };
		AE76F999172C36C0000DA0A1 /* TimeTable.app */ = {isa = PBXFileReference; explicitFileType = wrapper.application; includeInIndex = 0; path = TimeTable.app; sourceTree = BUILT_PRODUCTS_DIR; };
		AE76F99C172C36C0000DA0A1 /* UIKit.framework */ = {isa = PBXFileReference; lastKnownFileType = wrapper.framework; name = UIKit.framework; path = System/Library/Frameworks/UIKit.framework; sourceTree = SDKROOT; };
		AE76F99E172C36C0000DA0A1 /* Foundation.framework */ = {isa = PBXFileReference; lastKnownFileType = wrapper.framework; name = Foundation.framework; path = System/Library/Frameworks/Foundation.framework; sourceTree = SDKROOT; };
		AE76F9A0172C36C0000DA0A1 /* CoreGraphics.framework */ = {isa = PBXFileReference; lastKnownFileType = wrapper.framework; name = CoreGraphics.framework; path = System/Library/Frameworks/CoreGraphics.framework; sourceTree = SDKROOT; };
		AE76F9A4172C36C0000DA0A1 /* TimeTable-Info.plist */ = {isa = PBXFileReference; lastKnownFileType = text.plist.xml; path = "TimeTable-Info.plist"; sourceTree = "<group>"; };
		AE76F9A6172C36C0000DA0A1 /* en */ = {isa = PBXFileReference; lastKnownFileType = text.plist.strings; name = en; path = en.lproj/InfoPlist.strings; sourceTree = "<group>"; };
		AE76F9A8172C36C0000DA0A1 /* main.m */ = {isa = PBXFileReference; lastKnownFileType = sourcecode.c.objc; path = main.m; sourceTree = "<group>"; };
		AE76F9AA172C36C0000DA0A1 /* TimeTable-Prefix.pch */ = {isa = PBXFileReference; lastKnownFileType = sourcecode.c.h; path = "TimeTable-Prefix.pch"; sourceTree = "<group>"; };
		AE76F9AB172C36C0000DA0A1 /* TimeTableAppDelegate.h */ = {isa = PBXFileReference; lastKnownFileType = sourcecode.c.h; path = TimeTableAppDelegate.h; sourceTree = "<group>"; };
		AE76F9AC172C36C0000DA0A1 /* TimeTableAppDelegate.m */ = {isa = PBXFileReference; lastKnownFileType = sourcecode.c.objc; path = TimeTableAppDelegate.m; sourceTree = "<group>"; };
		AE76F9AE172C36C0000DA0A1 /* Default.png */ = {isa = PBXFileReference; lastKnownFileType = image.png; path = Default.png; sourceTree = "<group>"; };
		AE76F9B0172C36C0000DA0A1 /* Default@2x.png */ = {isa = PBXFileReference; lastKnownFileType = image.png; path = "Default@2x.png"; sourceTree = "<group>"; };
		AE76F9B2172C36C0000DA0A1 /* Default-568h@2x.png */ = {isa = PBXFileReference; lastKnownFileType = image.png; path = "Default-568h@2x.png"; sourceTree = "<group>"; };
		AE76F9B5172C36C0000DA0A1 /* en */ = {isa = PBXFileReference; lastKnownFileType = file.storyboard; name = en; path = en.lproj/MainStoryboard.storyboard; sourceTree = "<group>"; };
		AE76F9BF172C3766000DA0A1 /* libsqlite3.dylib */ = {isa = PBXFileReference; lastKnownFileType = "compiled.mach-o.dylib"; name = libsqlite3.dylib; path = usr/lib/libsqlite3.dylib; sourceTree = SDKROOT; };
		AE995B5B1732BD98004C5B9B /* TimeTableSubjectDetailViewController.h */ = {isa = PBXFileReference; fileEncoding = 4; lastKnownFileType = sourcecode.c.h; path = TimeTableSubjectDetailViewController.h; sourceTree = "<group>"; };
		AE995B5C1732BD98004C5B9B /* TimeTableSubjectDetailViewController.m */ = {isa = PBXFileReference; fileEncoding = 4; lastKnownFileType = sourcecode.c.objc; path = TimeTableSubjectDetailViewController.m; sourceTree = "<group>"; };
		AE995B5E1732BEEC004C5B9B /* TimeTableSubjectListViewController.h */ = {isa = PBXFileReference; fileEncoding = 4; lastKnownFileType = sourcecode.c.h; path = TimeTableSubjectListViewController.h; sourceTree = "<group>"; };
		AE995B5F1732BEEC004C5B9B /* TimeTableSubjectListViewController.m */ = {isa = PBXFileReference; fileEncoding = 4; lastKnownFileType = sourcecode.c.objc; path = TimeTableSubjectListViewController.m; sourceTree = "<group>"; };
		AE995B611732C0BB004C5B9B /* ListViewModel.h */ = {isa = PBXFileReference; fileEncoding = 4; lastKnownFileType = sourcecode.c.h; name = ListViewModel.h; path = Model/ListViewModel.h; sourceTree = "<group>"; };
		AE995B621732C0BB004C5B9B /* ListViewModel.m */ = {isa = PBXFileReference; fileEncoding = 4; lastKnownFileType = sourcecode.c.objc; name = ListViewModel.m; path = Model/ListViewModel.m; sourceTree = "<group>"; };
		AEAB51C1172EBE9400BC6A84 /* Course.h */ = {isa = PBXFileReference; fileEncoding = 4; lastKnownFileType = sourcecode.c.h; name = Course.h; path = Model/Course.h; sourceTree = "<group>"; };
		AEAB51C2172EBE9400BC6A84 /* Course.m */ = {isa = PBXFileReference; fileEncoding = 4; lastKnownFileType = sourcecode.c.objc; name = Course.m; path = Model/Course.m; sourceTree = "<group>"; };
		AEAB51C9172EC95B00BC6A84 /* Professor.h */ = {isa = PBXFileReference; fileEncoding = 4; lastKnownFileType = sourcecode.c.h; name = Professor.h; path = Model/Professor.h; sourceTree = "<group>"; };
		AEAB51CA172EC95B00BC6A84 /* Professor.m */ = {isa = PBXFileReference; fileEncoding = 4; lastKnownFileType = sourcecode.c.objc; name = Professor.m; path = Model/Professor.m; sourceTree = "<group>"; };
		AEB817D2173BDEF9009D2EC1 /* TimeTableModelView.h */ = {isa = PBXFileReference; fileEncoding = 4; lastKnownFileType = sourcecode.c.h; name = TimeTableModelView.h; path = Model/TimeTableModelView.h; sourceTree = "<group>"; };
		AEB817D3173BDEF9009D2EC1 /* TimeTableModelView.m */ = {isa = PBXFileReference; fileEncoding = 4; lastKnownFileType = sourcecode.c.objc; name = TimeTableModelView.m; path = Model/TimeTableModelView.m; sourceTree = "<group>"; };
		AEB817D5173BE228009D2EC1 /* TimeTableModelViewController.h */ = {isa = PBXFileReference; fileEncoding = 4; lastKnownFileType = sourcecode.c.h; path = TimeTableModelViewController.h; sourceTree = "<group>"; };
		AEB817D6173BE228009D2EC1 /* TimeTableModelViewController.m */ = {isa = PBXFileReference; fileEncoding = 4; lastKnownFileType = sourcecode.c.objc; path = TimeTableModelViewController.m; sourceTree = "<group>"; };
		AEE7E006172D6D6800B421C6 /* TimeTableSqliteDB.h */ = {isa = PBXFileReference; fileEncoding = 4; lastKnownFileType = sourcecode.c.h; name = TimeTableSqliteDB.h; path = Model/TimeTableSqliteDB.h; sourceTree = "<group>"; };
		AEE7E007172D6D6800B421C6 /* TimeTableSqliteDB.m */ = {isa = PBXFileReference; fileEncoding = 4; lastKnownFileType = sourcecode.c.objc; name = TimeTableSqliteDB.m; path = Model/TimeTableSqliteDB.m; sourceTree = "<group>"; };
		AEE7E00A172D75CE00B421C6 /* TimeTableNotificationUtil.h */ = {isa = PBXFileReference; fileEncoding = 4; lastKnownFileType = sourcecode.c.h; name = TimeTableNotificationUtil.h; path = Util/TimeTableNotificationUtil.h; sourceTree = "<group>"; };
		AEE7E00B172D75CE00B421C6 /* TimeTableNotificationUtil.m */ = {isa = PBXFileReference; fileEncoding = 4; lastKnownFileType = sourcecode.c.objc; name = TimeTableNotificationUtil.m; path = Util/TimeTableNotificationUtil.m; sourceTree = "<group>"; };
		AEE7E00E172D773E00B421C6 /* TimeTableListViewController.h */ = {isa = PBXFileReference; fileEncoding = 4; lastKnownFileType = sourcecode.c.h; path = TimeTableListViewController.h; sourceTree = "<group>"; };
		AEE7E00F172D773E00B421C6 /* TimeTableListViewController.m */ = {isa = PBXFileReference; fileEncoding = 4; lastKnownFileType = sourcecode.c.objc; path = TimeTableListViewController.m; sourceTree = "<group>"; };
		AEEC8F32172ED36E004EE343 /* Subject.h */ = {isa = PBXFileReference; fileEncoding = 4; lastKnownFileType = sourcecode.c.h; name = Subject.h; path = Model/Subject.h; sourceTree = "<group>"; };
		AEEC8F33172ED36E004EE343 /* Subject.m */ = {isa = PBXFileReference; fileEncoding = 4; lastKnownFileType = sourcecode.c.objc; name = Subject.m; path = Model/Subject.m; sourceTree = "<group>"; };
		AEEC8F35172ED79F004EE343 /* SubjectTimeMap.h */ = {isa = PBXFileReference; fileEncoding = 4; lastKnownFileType = sourcecode.c.h; name = SubjectTimeMap.h; path = Model/SubjectTimeMap.h; sourceTree = "<group>"; };
		AEEC8F36172ED79F004EE343 /* SubjectTimeMap.m */ = {isa = PBXFileReference; fileEncoding = 4; lastKnownFileType = sourcecode.c.objc; name = SubjectTimeMap.m; path = Model/SubjectTimeMap.m; sourceTree = "<group>"; };
		AEEC8F38172EEB29004EE343 /* TimeTableModel.h */ = {isa = PBXFileReference; fileEncoding = 4; lastKnownFileType = sourcecode.c.h; name = TimeTableModel.h; path = Model/TimeTableModel.h; sourceTree = "<group>"; };
		AEEC8F39172EEB29004EE343 /* TimeTableModel.m */ = {isa = PBXFileReference; fileEncoding = 4; lastKnownFileType = sourcecode.c.objc; name = TimeTableModel.m; path = Model/TimeTableModel.m; sourceTree = "<group>"; };
/* End PBXFileReference section */

/* Begin PBXFrameworksBuildPhase section */
		AE76F996172C36C0000DA0A1 /* Frameworks */ = {
			isa = PBXFrameworksBuildPhase;
			buildActionMask = 2147483647;
			files = (
				AE76F9C0172C3766000DA0A1 /* libsqlite3.dylib in Frameworks */,
				AE76F99D172C36C0000DA0A1 /* UIKit.framework in Frameworks */,
				AE76F99F172C36C0000DA0A1 /* Foundation.framework in Frameworks */,
				AE76F9A1172C36C0000DA0A1 /* CoreGraphics.framework in Frameworks */,
			);
			runOnlyForDeploymentPostprocessing = 0;
		};
/* End PBXFrameworksBuildPhase section */

/* Begin PBXGroup section */
		AE76F990172C36C0000DA0A1 = {
			isa = PBXGroup;
			children = (
				AE76F9A2172C36C0000DA0A1 /* TimeTable */,
				AE76F99B172C36C0000DA0A1 /* Frameworks */,
				AE76F99A172C36C0000DA0A1 /* Products */,
			);
			sourceTree = "<group>";
		};
		AE76F99A172C36C0000DA0A1 /* Products */ = {
			isa = PBXGroup;
			children = (
				AE76F999172C36C0000DA0A1 /* TimeTable.app */,
			);
			name = Products;
			sourceTree = "<group>";
		};
		AE76F99B172C36C0000DA0A1 /* Frameworks */ = {
			isa = PBXGroup;
			children = (
				AE76F9BF172C3766000DA0A1 /* libsqlite3.dylib */,
				AE76F99C172C36C0000DA0A1 /* UIKit.framework */,
				AE76F99E172C36C0000DA0A1 /* Foundation.framework */,
				AE76F9A0172C36C0000DA0A1 /* CoreGraphics.framework */,
			);
			name = Frameworks;
			sourceTree = "<group>";
		};
		AE76F9A2172C36C0000DA0A1 /* TimeTable */ = {
			isa = PBXGroup;
			children = (
				AE1B0BF31735133A009BD2AD /* timetable.db3 */,
				AE76F9D1172C37FE000DA0A1 /* Model */,
				AE76F9B4172C36C0000DA0A1 /* MainStoryboard.storyboard */,
				AEE7E00D172D75D200B421C6 /* Util */,
				AE76F9A3172C36C0000DA0A1 /* Supporting Files */,
				AEE7E00E172D773E00B421C6 /* TimeTableListViewController.h */,
				AEE7E00F172D773E00B421C6 /* TimeTableListViewController.m */,
				AE995B5E1732BEEC004C5B9B /* TimeTableSubjectListViewController.h */,
				AE995B5F1732BEEC004C5B9B /* TimeTableSubjectListViewController.m */,
				AE995B5B1732BD98004C5B9B /* TimeTableSubjectDetailViewController.h */,
				AE995B5C1732BD98004C5B9B /* TimeTableSubjectDetailViewController.m */,
				AE1B0BEE1735075D009BD2AD /* TimeTableViewController.h */,
				AE1B0BEF1735075D009BD2AD /* TimeTableViewController.m */,
				AEB817D5173BE228009D2EC1 /* TimeTableModelViewController.h */,
				AEB817D6173BE228009D2EC1 /* TimeTableModelViewController.m */,
			);
			path = TimeTable;
			sourceTree = "<group>";
		};
		AE76F9A3172C36C0000DA0A1 /* Supporting Files */ = {
			isa = PBXGroup;
			children = (
				AE76F9C1172C3793000DA0A1 /* FMDatabase */,
				AE76F9A4172C36C0000DA0A1 /* TimeTable-Info.plist */,
				AE76F9A5172C36C0000DA0A1 /* InfoPlist.strings */,
				AE76F9A8172C36C0000DA0A1 /* main.m */,
				AE76F9AA172C36C0000DA0A1 /* TimeTable-Prefix.pch */,
				AE76F9AE172C36C0000DA0A1 /* Default.png */,
				AE76F9B0172C36C0000DA0A1 /* Default@2x.png */,
				AE76F9B2172C36C0000DA0A1 /* Default-568h@2x.png */,
				AE76F9AB172C36C0000DA0A1 /* TimeTableAppDelegate.h */,
				AE76F9AC172C36C0000DA0A1 /* TimeTableAppDelegate.m */,
			);
			name = "Supporting Files";
			sourceTree = "<group>";
		};
		AE76F9C1172C3793000DA0A1 /* FMDatabase */ = {
			isa = PBXGroup;
			children = (
				AE26590B172C3A51001381DB /* FMDatabase.h */,
				AE26590C172C3A51001381DB /* FMDatabase.m */,
				AE26590D172C3A51001381DB /* FMDatabaseAdditions.h */,
				AE26590E172C3A51001381DB /* FMDatabaseAdditions.m */,
				AE26590F172C3A51001381DB /* FMDatabasePool.h */,
				AE265910172C3A51001381DB /* FMDatabasePool.m */,
				AE265911172C3A51001381DB /* FMDatabaseQueue.h */,
				AE265912172C3A51001381DB /* FMDatabaseQueue.m */,
				AE265913172C3A51001381DB /* FMResultSet.h */,
				AE265914172C3A51001381DB /* FMResultSet.m */,
			);
			name = FMDatabase;
			sourceTree = "<group>";
		};
		AE76F9D1172C37FE000DA0A1 /* Model */ = {
			isa = PBXGroup;
			children = (
				AEE7E006172D6D6800B421C6 /* TimeTableSqliteDB.h */,
				AEE7E007172D6D6800B421C6 /* TimeTableSqliteDB.m */,
				AEAB51C1172EBE9400BC6A84 /* Course.h */,
				AEAB51C2172EBE9400BC6A84 /* Course.m */,
				AEAB51C9172EC95B00BC6A84 /* Professor.h */,
				AEAB51CA172EC95B00BC6A84 /* Professor.m */,
				AEEC8F32172ED36E004EE343 /* Subject.h */,
				AEEC8F33172ED36E004EE343 /* Subject.m */,
				AEEC8F35172ED79F004EE343 /* SubjectTimeMap.h */,
				AEEC8F36172ED79F004EE343 /* SubjectTimeMap.m */,
				AEEC8F38172EEB29004EE343 /* TimeTableModel.h */,
				AEEC8F39172EEB29004EE343 /* TimeTableModel.m */,
				AE995B611732C0BB004C5B9B /* ListViewModel.h */,
				AE995B621732C0BB004C5B9B /* ListViewModel.m */,
				AEB817D2173BDEF9009D2EC1 /* TimeTableModelView.h */,
				AEB817D3173BDEF9009D2EC1 /* TimeTableModelView.m */,
			);
			name = Model;
			sourceTree = "<group>";
		};
		AEE7E00D172D75D200B421C6 /* Util */ = {
			isa = PBXGroup;
			children = (
				AEE7E00A172D75CE00B421C6 /* TimeTableNotificationUtil.h */,
				AEE7E00B172D75CE00B421C6 /* TimeTableNotificationUtil.m */,
			);
			name = Util;
			sourceTree = "<group>";
		};
/* End PBXGroup section */

/* Begin PBXNativeTarget section */
		AE76F998172C36C0000DA0A1 /* TimeTable */ = {
			isa = PBXNativeTarget;
			buildConfigurationList = AE76F9BC172C36C0000DA0A1 /* Build configuration list for PBXNativeTarget "TimeTable" */;
			buildPhases = (
				AE76F995172C36C0000DA0A1 /* Sources */,
				AE76F996172C36C0000DA0A1 /* Frameworks */,
				AE76F997172C36C0000DA0A1 /* Resources */,
			);
			buildRules = (
			);
			dependencies = (
			);
			name = TimeTable;
			productName = TimeTable;
			productReference = AE76F999172C36C0000DA0A1 /* TimeTable.app */;
			productType = "com.apple.product-type.application";
		};
/* End PBXNativeTarget section */

/* Begin PBXProject section */
		AE76F991172C36C0000DA0A1 /* Project object */ = {
			isa = PBXProject;
			attributes = {
				CLASSPREFIX = TimeTable;
				LastUpgradeCheck = 0460;
				ORGANIZATIONNAME = "Kim Minsu";
			};
			buildConfigurationList = AE76F994172C36C0000DA0A1 /* Build configuration list for PBXProject "TimeTable" */;
			compatibilityVersion = "Xcode 3.2";
			developmentRegion = English;
			hasScannedForEncodings = 0;
			knownRegions = (
				en,
			);
			mainGroup = AE76F990172C36C0000DA0A1;
			productRefGroup = AE76F99A172C36C0000DA0A1 /* Products */;
			projectDirPath = "";
			projectRoot = "";
			targets = (
				AE76F998172C36C0000DA0A1 /* TimeTable */,
			);
		};
/* End PBXProject section */

/* Begin PBXResourcesBuildPhase section */
		AE76F997172C36C0000DA0A1 /* Resources */ = {
			isa = PBXResourcesBuildPhase;
			buildActionMask = 2147483647;
			files = (
				AE76F9A7172C36C0000DA0A1 /* InfoPlist.strings in Resources */,
				AE76F9AF172C36C0000DA0A1 /* Default.png in Resources */,
				AE76F9B1172C36C0000DA0A1 /* Default@2x.png in Resources */,
				AE76F9B3172C36C0000DA0A1 /* Default-568h@2x.png in Resources */,
				AE76F9B6172C36C0000DA0A1 /* MainStoryboard.storyboard in Resources */,
				AE1B0BF41735133A009BD2AD /* timetable.db3 in Resources */,
			);
			runOnlyForDeploymentPostprocessing = 0;
		};
/* End PBXResourcesBuildPhase section */

/* Begin PBXSourcesBuildPhase section */
		AE76F995172C36C0000DA0A1 /* Sources */ = {
			isa = PBXSourcesBuildPhase;
			buildActionMask = 2147483647;
			files = (
				AE76F9A9172C36C0000DA0A1 /* main.m in Sources */,
				AE76F9AD172C36C0000DA0A1 /* TimeTableAppDelegate.m in Sources */,
				AE265915172C3A51001381DB /* FMDatabase.m in Sources */,
				AE265916172C3A51001381DB /* FMDatabaseAdditions.m in Sources */,
				AE265917172C3A51001381DB /* FMDatabasePool.m in Sources */,
				AE265918172C3A51001381DB /* FMDatabaseQueue.m in Sources */,
				AE265919172C3A51001381DB /* FMResultSet.m in Sources */,
				AEE7E008172D6D6800B421C6 /* TimeTableSqliteDB.m in Sources */,
				AEE7E00C172D75CE00B421C6 /* TimeTableNotificationUtil.m in Sources */,
				AEE7E010172D773E00B421C6 /* TimeTableListViewController.m in Sources */,
				AEAB51C3172EBE9400BC6A84 /* Course.m in Sources */,
				AEAB51CB172EC95B00BC6A84 /* Professor.m in Sources */,
				AEEC8F34172ED36E004EE343 /* Subject.m in Sources */,
				AEEC8F37172ED79F004EE343 /* SubjectTimeMap.m in Sources */,
				AEEC8F3A172EEB29004EE343 /* TimeTableModel.m in Sources */,
				AE995B5D1732BD98004C5B9B /* TimeTableSubjectDetailViewController.m in Sources */,
				AE995B601732BEEC004C5B9B /* TimeTableSubjectListViewController.m in Sources */,
				AE995B631732C0BB004C5B9B /* ListViewModel.m in Sources */,
				AE1B0BF01735075D009BD2AD /* TimeTableViewController.m in Sources */,
				AEB817D4173BDEF9009D2EC1 /* TimeTableModelView.m in Sources */,
				AEB817D7173BE228009D2EC1 /* TimeTableModelViewController.m in Sources */,
			);
			runOnlyForDeploymentPostprocessing = 0;
		};
/* End PBXSourcesBuildPhase section */

/* Begin PBXVariantGroup section */
		AE76F9A5172C36C0000DA0A1 /* InfoPlist.strings */ = {
			isa = PBXVariantGroup;
			children = (
				AE76F9A6172C36C0000DA0A1 /* en */,
			);
			name = InfoPlist.strings;
			sourceTree = "<group>";
		};
		AE76F9B4172C36C0000DA0A1 /* MainStoryboard.storyboard */ = {
			isa = PBXVariantGroup;
			children = (
				AE76F9B5172C36C0000DA0A1 /* en */,
			);
			name = MainStoryboard.storyboard;
			sourceTree = "<group>";
		};
/* End PBXVariantGroup section */

/* Begin XCBuildConfiguration section */
		AE76F9BA172C36C0000DA0A1 /* Debug */ = {
			isa = XCBuildConfiguration;
			buildSettings = {
				ALWAYS_SEARCH_USER_PATHS = NO;
				CLANG_CXX_LANGUAGE_STANDARD = "gnu++0x";
				CLANG_CXX_LIBRARY = "libc++";
				CLANG_ENABLE_OBJC_ARC = YES;
				CLANG_WARN_CONSTANT_CONVERSION = YES;
				CLANG_WARN_EMPTY_BODY = YES;
				CLANG_WARN_ENUM_CONVERSION = YES;
				CLANG_WARN_INT_CONVERSION = YES;
				CLANG_WARN__DUPLICATE_METHOD_MATCH = YES;
				"CODE_SIGN_IDENTITY[sdk=iphoneos*]" = "iPhone Developer";
				COPY_PHASE_STRIP = NO;
				GCC_C_LANGUAGE_STANDARD = gnu99;
				GCC_DYNAMIC_NO_PIC = NO;
				GCC_OPTIMIZATION_LEVEL = 0;
				GCC_PREPROCESSOR_DEFINITIONS = (
					"DEBUG=1",
					"$(inherited)",
				);
				GCC_SYMBOLS_PRIVATE_EXTERN = NO;
				GCC_WARN_ABOUT_RETURN_TYPE = YES;
				GCC_WARN_UNINITIALIZED_AUTOS = YES;
				GCC_WARN_UNUSED_VARIABLE = YES;
				IPHONEOS_DEPLOYMENT_TARGET = 6.1;
				ONLY_ACTIVE_ARCH = YES;
				SDKROOT = iphoneos;
			};
			name = Debug;
		};
		AE76F9BB172C36C0000DA0A1 /* Release */ = {
			isa = XCBuildConfiguration;
			buildSettings = {
				ALWAYS_SEARCH_USER_PATHS = NO;
				CLANG_CXX_LANGUAGE_STANDARD = "gnu++0x";
				CLANG_CXX_LIBRARY = "libc++";
				CLANG_ENABLE_OBJC_ARC = YES;
				CLANG_WARN_CONSTANT_CONVERSION = YES;
				CLANG_WARN_EMPTY_BODY = YES;
				CLANG_WARN_ENUM_CONVERSION = YES;
				CLANG_WARN_INT_CONVERSION = YES;
				CLANG_WARN__DUPLICATE_METHOD_MATCH = YES;
				"CODE_SIGN_IDENTITY[sdk=iphoneos*]" = "iPhone Developer";
				COPY_PHASE_STRIP = YES;
				GCC_C_LANGUAGE_STANDARD = gnu99;
				GCC_WARN_ABOUT_RETURN_TYPE = YES;
				GCC_WARN_UNINITIALIZED_AUTOS = YES;
				GCC_WARN_UNUSED_VARIABLE = YES;
				IPHONEOS_DEPLOYMENT_TARGET = 6.1;
				OTHER_CFLAGS = "-DNS_BLOCK_ASSERTIONS=1";
				SDKROOT = iphoneos;
				VALIDATE_PRODUCT = YES;
			};
			name = Release;
		};
		AE76F9BD172C36C0000DA0A1 /* Debug */ = {
			isa = XCBuildConfiguration;
			buildSettings = {
				GCC_PRECOMPILE_PREFIX_HEADER = YES;
				GCC_PREFIX_HEADER = "TimeTable/TimeTable-Prefix.pch";
				INFOPLIST_FILE = "TimeTable/TimeTable-Info.plist";
				IPHONEOS_DEPLOYMENT_TARGET = 6.0;
				PRODUCT_NAME = "$(TARGET_NAME)";
				WRAPPER_EXTENSION = app;
			};
			name = Debug;
		};
		AE76F9BE172C36C0000DA0A1 /* Release */ = {
			isa = XCBuildConfiguration;
			buildSettings = {
				GCC_PRECOMPILE_PREFIX_HEADER = YES;
				GCC_PREFIX_HEADER = "TimeTable/TimeTable-Prefix.pch";
				INFOPLIST_FILE = "TimeTable/TimeTable-Info.plist";
				IPHONEOS_DEPLOYMENT_TARGET = 6.0;
				PRODUCT_NAME = "$(TARGET_NAME)";
				WRAPPER_EXTENSION = app;
			};
			name = Release;
		};
/* End XCBuildConfiguration section */

/* Begin XCConfigurationList section */
		AE76F994172C36C0000DA0A1 /* Build configuration list for PBXProject "TimeTable" */ = {
			isa = XCConfigurationList;
			buildConfigurations = (
				AE76F9BA172C36C0000DA0A1 /* Debug */,
				AE76F9BB172C36C0000DA0A1 /* Release */,
			);
			defaultConfigurationIsVisible = 0;
			defaultConfigurationName = Release;
		};
		AE76F9BC172C36C0000DA0A1 /* Build configuration list for PBXNativeTarget "TimeTable" */ = {
			isa = XCConfigurationList;
			buildConfigurations = (
				AE76F9BD172C36C0000DA0A1 /* Debug */,
				AE76F9BE172C36C0000DA0A1 /* Release */,
			);
			defaultConfigurationIsVisible = 0;
			defaultConfigurationName = Release;
		};
/* End XCConfigurationList section */
	};
	rootObject = AE76F991172C36C0000DA0A1 /* Project object */;
}
